
Microsoft Visual Studio Solution File, Format Version 12.00
# Visual Studio Version 16
VisualStudioVersion = 16.0.29306.81
MinimumVisualStudioVersion = 10.0.40219.1
Project("{FAE04EC0-301F-11D3-BF4B-00C04F79EFBC}") = "Gradebook", "Gradebook\Gradebook.csproj", "{03289ED8-7163-40E6-9847-DFFF30E72297}"
EndProject
Project("{FAE04EC0-301F-11D3-BF4B-00C04F79EFBC}") = "GradeBook.Tests", "GradeBook.Tests\GradeBook.Tests.csproj", "{EC236B4A-D629-4D46-BC33-E4299C4B3788}"
EndProject
Global
	GlobalSection(SolutionConfigurationPlatforms) = preSolution
		Debug|Any CPU = Debug|Any CPU
		Release|Any CPU = Release|Any CPU
	EndGlobalSection
	GlobalSection(ProjectConfigurationPlatforms) = postSolution
		{03289ED8-7163-40E6-9847-DFFF30E72297}.Debug|Any CPU.ActiveCfg = Debug|Any CPU
		{03289ED8-7163-40E6-9847-DFFF30E72297}.Debug|Any CPU.Build.0 = Debug|Any CPU
		{03289ED8-7163-40E6-9847-DFFF30E72297}.Release|Any CPU.ActiveCfg = Release|Any CPU
		{03289ED8-7163-40E6-9847-DFFF30E72297}.Release|Any CPU.Build.0 = Release|Any CPU
		{EC236B4A-D629-4D46-BC33-E4299C4B3788}.Debug|Any CPU.ActiveCfg = Debug|Any CPU
		{EC236B4A-D629-4D46-BC33-E4299C4B3788}.Debug|Any CPU.Build.0 = Debug|Any CPU
		{EC236B4A-D629-4D46-BC33-E4299C4B3788}.Release|Any CPU.ActiveCfg = Release|Any CPU
		{EC236B4A-D629-4D46-BC33-E4299C4B3788}.Release|Any CPU.Build.0 = Release|Any CPU
	EndGlobalSection
	GlobalSection(SolutionProperties) = preSolution
		HideSolutionNode = FALSE
	EndGlobalSection
	GlobalSection(ExtensibilityGlobals) = postSolution
		SolutionGuid = {6E86012E-4A70-4016-A222-951742881003}
	EndGlobalSection
EndGlobal
